
Microsoft Visual Studio Solution File, Format Version 12.00
# Visual Studio Version 17
VisualStudioVersion = 17.5.33516.290
MinimumVisualStudioVersion = 10.0.40219.1
Project("{FAE04EC0-301F-11D3-BF4B-00C04F79EFBC}") = "Module16", "Module16.csproj", "{25C53985-1621-40A1-A400-B19A39EC4C15}"
EndProject
Project("{FAE04EC0-301F-11D3-BF4B-00C04F79EFBC}") = "Module16.Tests", "..\Module16.Tests\Module16.Tests.csproj", "{EB2FE5BE-E0A5-4FE7-881C-F1A31D701356}"
	ProjectSection(ProjectDependencies) = postProject
		{25C53985-1621-40A1-A400-B19A39EC4C15} = {25C53985-1621-40A1-A400-B19A39EC4C15}
	EndProjectSection
EndProject
Global
	GlobalSection(SolutionConfigurationPlatforms) = preSolution
		Debug|Any CPU = Debug|Any CPU
		Release|Any CPU = Release|Any CPU
	EndGlobalSection
	GlobalSection(ProjectConfigurationPlatforms) = postSolution
		{25C53985-1621-40A1-A400-B19A39EC4C15}.Debug|Any CPU.ActiveCfg = Debug|Any CPU
		{25C53985-1621-40A1-A400-B19A39EC4C15}.Debug|Any CPU.Build.0 = Debug|Any CPU
		{25C53985-1621-40A1-A400-B19A39EC4C15}.Release|Any CPU.ActiveCfg = Release|Any CPU
		{25C53985-1621-40A1-A400-B19A39EC4C15}.Release|Any CPU.Build.0 = Release|Any CPU
		{EB2FE5BE-E0A5-4FE7-881C-F1A31D701356}.Debug|Any CPU.ActiveCfg = Debug|Any CPU
		{EB2FE5BE-E0A5-4FE7-881C-F1A31D701356}.Debug|Any CPU.Build.0 = Debug|Any CPU
		{EB2FE5BE-E0A5-4FE7-881C-F1A31D701356}.Release|Any CPU.ActiveCfg = Release|Any CPU
		{EB2FE5BE-E0A5-4FE7-881C-F1A31D701356}.Release|Any CPU.Build.0 = Release|Any CPU
	EndGlobalSection
	GlobalSection(SolutionProperties) = preSolution
		HideSolutionNode = FALSE
	EndGlobalSection
	GlobalSection(ExtensibilityGlobals) = postSolution
		SolutionGuid = {74474683-DE1C-46C4-92F1-A8E7E1E98C06}
	EndGlobalSection
EndGlobal
